
Microsoft Visual Studio Solution File, Format Version 12.00
# Visual Studio 15
VisualStudioVersion = 15.0.28307.1525
MinimumVisualStudioVersion = 10.0.40219.1
Project("{FAE04EC0-301F-11D3-BF4B-00C04F79EFBC}") = "Warcaby", "Warcaby\Warcaby.csproj", "{2DC9EFC7-FA5F-4DB8-B661-FCD257EFA794}"
EndProject
Project("{FAE04EC0-301F-11D3-BF4B-00C04F79EFBC}") = "GryPlanszowe", "..\..\VisualStudioKsiążka\Reversi\GryPlanszowe\GryPlanszowe.csproj", "{6DBB26F3-9FB6-4E17-808D-CF1BF7AE163C}"
EndProject
Global
	GlobalSection(SolutionConfigurationPlatforms) = preSolution
		Debug|Any CPU = Debug|Any CPU
		Release|Any CPU = Release|Any CPU
	EndGlobalSection
	GlobalSection(ProjectConfigurationPlatforms) = postSolution
		{2DC9EFC7-FA5F-4DB8-B661-FCD257EFA794}.Debug|Any CPU.ActiveCfg = Debug|Any CPU
		{2DC9EFC7-FA5F-4DB8-B661-FCD257EFA794}.Debug|Any CPU.Build.0 = Debug|Any CPU
		{2DC9EFC7-FA5F-4DB8-B661-FCD257EFA794}.Release|Any CPU.ActiveCfg = Release|Any CPU
		{2DC9EFC7-FA5F-4DB8-B661-FCD257EFA794}.Release|Any CPU.Build.0 = Release|Any CPU
		{6DBB26F3-9FB6-4E17-808D-CF1BF7AE163C}.Debug|Any CPU.ActiveCfg = Debug|Any CPU
		{6DBB26F3-9FB6-4E17-808D-CF1BF7AE163C}.Debug|Any CPU.Build.0 = Debug|Any CPU
		{6DBB26F3-9FB6-4E17-808D-CF1BF7AE163C}.Release|Any CPU.ActiveCfg = Release|Any CPU
		{6DBB26F3-9FB6-4E17-808D-CF1BF7AE163C}.Release|Any CPU.Build.0 = Release|Any CPU
	EndGlobalSection
	GlobalSection(SolutionProperties) = preSolution
		HideSolutionNode = FALSE
	EndGlobalSection
	GlobalSection(ExtensibilityGlobals) = postSolution
		SolutionGuid = {528E486D-61C6-418B-B30E-FB0A5236A2AE}
	EndGlobalSection
EndGlobal
